
Microsoft Visual Studio Solution File, Format Version 12.00
# Visual Studio Version 17
VisualStudioVersion = 17.7.34024.191
MinimumVisualStudioVersion = 10.0.40219.1
Project("{FAE04EC0-301F-11D3-BF4B-00C04F79EFBC}") = "22.10.HW", "22.10.HW\22.10.HW.csproj", "{0E0F60E6-84B9-4C36-BEA0-ABF5CE73FD70}"
EndProject
Global
	GlobalSection(SolutionConfigurationPlatforms) = preSolution
		Debug|Any CPU = Debug|Any CPU
		Release|Any CPU = Release|Any CPU
	EndGlobalSection
	GlobalSection(ProjectConfigurationPlatforms) = postSolution
		{0E0F60E6-84B9-4C36-BEA0-ABF5CE73FD70}.Debug|Any CPU.ActiveCfg = Debug|Any CPU
		{0E0F60E6-84B9-4C36-BEA0-ABF5CE73FD70}.Debug|Any CPU.Build.0 = Debug|Any CPU
		{0E0F60E6-84B9-4C36-BEA0-ABF5CE73FD70}.Release|Any CPU.ActiveCfg = Release|Any CPU
		{0E0F60E6-84B9-4C36-BEA0-ABF5CE73FD70}.Release|Any CPU.Build.0 = Release|Any CPU
	EndGlobalSection
	GlobalSection(SolutionProperties) = preSolution
		HideSolutionNode = FALSE
	EndGlobalSection
	GlobalSection(ExtensibilityGlobals) = postSolution
		SolutionGuid = {66DD5D20-8E55-4C3D-91E5-F80F323ED7A9}
	EndGlobalSection
EndGlobal
